// !$*UTF8*$!
{
	archiveVersion = 1;
	classes = {
	};
	objectVersion = 48;
	objects = {

/* Begin PBXBuildFile section */
		34454490202E8D020038DCF5 /* AppDelegate.swift in Sources */ = {isa = PBXBuildFile; fileRef = 3445448F202E8D020038DCF5 /* AppDelegate.swift */; };
		34454495202E8D020038DCF5 /* Main.storyboard in Resources */ = {isa = PBXBuildFile; fileRef = 34454493202E8D020038DCF5 /* Main.storyboard */; };
		34454497202E8D020038DCF5 /* Assets.xcassets in Resources */ = {isa = PBXBuildFile; fileRef = 34454496202E8D020038DCF5 /* Assets.xcassets */; };
		3445449A202E8D020038DCF5 /* LaunchScreen.storyboard in Resources */ = {isa = PBXBuildFile; fileRef = 34454498202E8D020038DCF5 /* LaunchScreen.storyboard */; };
		344544A7202EF5980038DCF5 /* Config.swift in Sources */ = {isa = PBXBuildFile; fileRef = 344544A6202EF5980038DCF5 /* Config.swift */; };
		344544A9202F1B3C0038DCF5 /* DefaultConfig.plist in Resources */ = {isa = PBXBuildFile; fileRef = 344544A8202F1B3C0038DCF5 /* DefaultConfig.plist */; };
		344544AB202F1C6B0038DCF5 /* DefaultConfig.swift in Sources */ = {isa = PBXBuildFile; fileRef = 344544AA202F1C6B0038DCF5 /* DefaultConfig.swift */; };
		344544AD202F3B8E0038DCF5 /* HistoryTableViewController.swift in Sources */ = {isa = PBXBuildFile; fileRef = 344544AC202F3B8E0038DCF5 /* HistoryTableViewController.swift */; };
		344544AF202F3D110038DCF5 /* Label.swift in Sources */ = {isa = PBXBuildFile; fileRef = 344544AE202F3D110038DCF5 /* Label.swift */; };
		344544B1202F55BC0038DCF5 /* SetupViewController.swift in Sources */ = {isa = PBXBuildFile; fileRef = 344544B0202F55BC0038DCF5 /* SetupViewController.swift */; };
		344544B4202F5D950038DCF5 /* LabelingViewController.swift in Sources */ = {isa = PBXBuildFile; fileRef = 344544B3202F5D950038DCF5 /* LabelingViewController.swift */; };
		344544C920303B570038DCF5 /* LabelTableViewController.swift in Sources */ = {isa = PBXBuildFile; fileRef = 344544C820303B570038DCF5 /* LabelTableViewController.swift */; };
		3469EAA420305E62004A9150 /* InfluxDBRequest.swift in Sources */ = {isa = PBXBuildFile; fileRef = 3469EAA320305E62004A9150 /* InfluxDBRequest.swift */; };
		3469EAA620306043004A9150 /* InfluxDBClient.swift in Sources */ = {isa = PBXBuildFile; fileRef = 3469EAA520306043004A9150 /* InfluxDBClient.swift */; };
		3469EAA82030B874004A9150 /* InfluxDBError.swift in Sources */ = {isa = PBXBuildFile; fileRef = 3469EAA72030B874004A9150 /* InfluxDBError.swift */; };
		3469EAAA2030B892004A9150 /* InfluxDBResponse.swift in Sources */ = {isa = PBXBuildFile; fileRef = 3469EAA92030B892004A9150 /* InfluxDBResponse.swift */; };
		3469EAAE2030BEAD004A9150 /* WriteRequest.swift in Sources */ = {isa = PBXBuildFile; fileRef = 3469EAAD2030BEAD004A9150 /* WriteRequest.swift */; };
		3469EAB02030BF7C004A9150 /* QueryRequest.swift in Sources */ = {isa = PBXBuildFile; fileRef = 3469EAAF2030BF7C004A9150 /* QueryRequest.swift */; };
		3469EAB22030C20F004A9150 /* PingRequest.swift in Sources */ = {isa = PBXBuildFile; fileRef = 3469EAB12030C20F004A9150 /* PingRequest.swift */; };
		B112682AED6E18EBF924BD04 /* Pods_ActivityLabeling.framework in Frameworks */ = {isa = PBXBuildFile; fileRef = AB54DD79EC334BABFDD325C4 /* Pods_ActivityLabeling.framework */; };
/* End PBXBuildFile section */

/* Begin PBXFileReference section */
		1550A7855010C088261DBF9C /* Pods-ActivityLabeling.debug.xcconfig */ = {isa = PBXFileReference; includeInIndex = 1; lastKnownFileType = text.xcconfig; name = "Pods-ActivityLabeling.debug.xcconfig"; path = "Pods/Target Support Files/Pods-ActivityLabeling/Pods-ActivityLabeling.debug.xcconfig"; sourceTree = "<group>"; };
		3445448C202E8D020038DCF5 /* ActivityLabeling.app */ = {isa = PBXFileReference; explicitFileType = wrapper.application; includeInIndex = 0; path = ActivityLabeling.app; sourceTree = BUILT_PRODUCTS_DIR; };
		3445448F202E8D020038DCF5 /* AppDelegate.swift */ = {isa = PBXFileReference; lastKnownFileType = sourcecode.swift; path = AppDelegate.swift; sourceTree = "<group>"; };
		34454494202E8D020038DCF5 /* Base */ = {isa = PBXFileReference; lastKnownFileType = file.storyboard; name = Base; path = Base.lproj/Main.storyboard; sourceTree = "<group>"; };
		34454496202E8D020038DCF5 /* Assets.xcassets */ = {isa = PBXFileReference; lastKnownFileType = folder.assetcatalog; path = Assets.xcassets; sourceTree = "<group>"; };
		34454499202E8D020038DCF5 /* Base */ = {isa = PBXFileReference; lastKnownFileType = file.storyboard; name = Base; path = Base.lproj/LaunchScreen.storyboard; sourceTree = "<group>"; };
		3445449B202E8D020038DCF5 /* Info.plist */ = {isa = PBXFileReference; lastKnownFileType = text.plist.xml; path = Info.plist; sourceTree = "<group>"; };
		344544A6202EF5980038DCF5 /* Config.swift */ = {isa = PBXFileReference; lastKnownFileType = sourcecode.swift; path = Config.swift; sourceTree = "<group>"; };
		344544A8202F1B3C0038DCF5 /* DefaultConfig.plist */ = {isa = PBXFileReference; lastKnownFileType = text.plist.xml; path = DefaultConfig.plist; sourceTree = "<group>"; };
		344544AA202F1C6B0038DCF5 /* DefaultConfig.swift */ = {isa = PBXFileReference; lastKnownFileType = sourcecode.swift; path = DefaultConfig.swift; sourceTree = "<group>"; };
		344544AC202F3B8E0038DCF5 /* HistoryTableViewController.swift */ = {isa = PBXFileReference; lastKnownFileType = sourcecode.swift; path = HistoryTableViewController.swift; sourceTree = "<group>"; };
		344544AE202F3D110038DCF5 /* Label.swift */ = {isa = PBXFileReference; lastKnownFileType = sourcecode.swift; path = Label.swift; sourceTree = "<group>"; };
		344544B0202F55BC0038DCF5 /* SetupViewController.swift */ = {isa = PBXFileReference; lastKnownFileType = sourcecode.swift; path = SetupViewController.swift; sourceTree = "<group>"; };
		344544B3202F5D950038DCF5 /* LabelingViewController.swift */ = {isa = PBXFileReference; lastKnownFileType = sourcecode.swift; path = LabelingViewController.swift; sourceTree = "<group>"; };
		344544C820303B570038DCF5 /* LabelTableViewController.swift */ = {isa = PBXFileReference; lastKnownFileType = sourcecode.swift; path = LabelTableViewController.swift; sourceTree = "<group>"; };
		3469EAA320305E62004A9150 /* InfluxDBRequest.swift */ = {isa = PBXFileReference; lastKnownFileType = sourcecode.swift; path = InfluxDBRequest.swift; sourceTree = "<group>"; };
		3469EAA520306043004A9150 /* InfluxDBClient.swift */ = {isa = PBXFileReference; lastKnownFileType = sourcecode.swift; path = InfluxDBClient.swift; sourceTree = "<group>"; };
		3469EAA72030B874004A9150 /* InfluxDBError.swift */ = {isa = PBXFileReference; lastKnownFileType = sourcecode.swift; path = InfluxDBError.swift; sourceTree = "<group>"; };
		3469EAA92030B892004A9150 /* InfluxDBResponse.swift */ = {isa = PBXFileReference; lastKnownFileType = sourcecode.swift; path = InfluxDBResponse.swift; sourceTree = "<group>"; };
		3469EAAD2030BEAD004A9150 /* WriteRequest.swift */ = {isa = PBXFileReference; lastKnownFileType = sourcecode.swift; path = WriteRequest.swift; sourceTree = "<group>"; };
		3469EAAF2030BF7C004A9150 /* QueryRequest.swift */ = {isa = PBXFileReference; lastKnownFileType = sourcecode.swift; path = QueryRequest.swift; sourceTree = "<group>"; };
		3469EAB12030C20F004A9150 /* PingRequest.swift */ = {isa = PBXFileReference; lastKnownFileType = sourcecode.swift; path = PingRequest.swift; sourceTree = "<group>"; };
		AB54DD79EC334BABFDD325C4 /* Pods_ActivityLabeling.framework */ = {isa = PBXFileReference; explicitFileType = wrapper.framework; includeInIndex = 0; path = Pods_ActivityLabeling.framework; sourceTree = BUILT_PRODUCTS_DIR; };
		B9410C94B9F09F5C3BFB9AD5 /* Pods-ActivityLabeling.release.xcconfig */ = {isa = PBXFileReference; includeInIndex = 1; lastKnownFileType = text.xcconfig; name = "Pods-ActivityLabeling.release.xcconfig"; path = "Pods/Target Support Files/Pods-ActivityLabeling/Pods-ActivityLabeling.release.xcconfig"; sourceTree = "<group>"; };
/* End PBXFileReference section */

/* Begin PBXFrameworksBuildPhase section */
		34454489202E8D020038DCF5 /* Frameworks */ = {
			isa = PBXFrameworksBuildPhase;
			buildActionMask = 2147483647;
			files = (
				B112682AED6E18EBF924BD04 /* Pods_ActivityLabeling.framework in Frameworks */,
			);
			runOnlyForDeploymentPostprocessing = 0;
		};
/* End PBXFrameworksBuildPhase section */

/* Begin PBXGroup section */
		12FDF46509A35494AFD71927 /* Frameworks */ = {
			isa = PBXGroup;
			children = (
				AB54DD79EC334BABFDD325C4 /* Pods_ActivityLabeling.framework */,
			);
			name = Frameworks;
			sourceTree = "<group>";
		};
		34454483202E8D020038DCF5 = {
			isa = PBXGroup;
			children = (
				3445448E202E8D020038DCF5 /* ActivityLabeling */,
				3445448D202E8D020038DCF5 /* Products */,
				45CF382BDDF7B67F8673C249 /* Pods */,
				12FDF46509A35494AFD71927 /* Frameworks */,
			);
			sourceTree = "<group>";
		};
		3445448D202E8D020038DCF5 /* Products */ = {
			isa = PBXGroup;
			children = (
				3445448C202E8D020038DCF5 /* ActivityLabeling.app */,
			);
			name = Products;
			sourceTree = "<group>";
		};
		3445448E202E8D020038DCF5 /* ActivityLabeling */ = {
			isa = PBXGroup;
			children = (
				3445448F202E8D020038DCF5 /* AppDelegate.swift */,
				344544B0202F55BC0038DCF5 /* SetupViewController.swift */,
				344544B3202F5D950038DCF5 /* LabelingViewController.swift */,
				344544AC202F3B8E0038DCF5 /* HistoryTableViewController.swift */,
				344544C820303B570038DCF5 /* LabelTableViewController.swift */,
				344544AE202F3D110038DCF5 /* Label.swift */,
				344544A6202EF5980038DCF5 /* Config.swift */,
				344544AA202F1C6B0038DCF5 /* DefaultConfig.swift */,
				344544A8202F1B3C0038DCF5 /* DefaultConfig.plist */,
				344544BB2030148B0038DCF5 /* InfluxDB */,
				34454493202E8D020038DCF5 /* Main.storyboard */,
				34454496202E8D020038DCF5 /* Assets.xcassets */,
				34454498202E8D020038DCF5 /* LaunchScreen.storyboard */,
				3445449B202E8D020038DCF5 /* Info.plist */,
			);
			path = ActivityLabeling;
			sourceTree = "<group>";
		};
		344544BB2030148B0038DCF5 /* InfluxDB */ = {
			isa = PBXGroup;
			children = (
				3469EAA520306043004A9150 /* InfluxDBClient.swift */,
				3469EAA72030B874004A9150 /* InfluxDBError.swift */,
				3469EAA320305E62004A9150 /* InfluxDBRequest.swift */,
				3469EAA92030B892004A9150 /* InfluxDBResponse.swift */,
				3469EAAF2030BF7C004A9150 /* QueryRequest.swift */,
				3469EAAD2030BEAD004A9150 /* WriteRequest.swift */,
				3469EAB12030C20F004A9150 /* PingRequest.swift */,
			);
			path = InfluxDB;
			sourceTree = "<group>";
		};
		45CF382BDDF7B67F8673C249 /* Pods */ = {
			isa = PBXGroup;
			children = (
				1550A7855010C088261DBF9C /* Pods-ActivityLabeling.debug.xcconfig */,
				B9410C94B9F09F5C3BFB9AD5 /* Pods-ActivityLabeling.release.xcconfig */,
			);
			name = Pods;
			sourceTree = "<group>";
		};
/* End PBXGroup section */

/* Begin PBXNativeTarget section */
		3445448B202E8D020038DCF5 /* ActivityLabeling */ = {
			isa = PBXNativeTarget;
			buildConfigurationList = 3445449E202E8D020038DCF5 /* Build configuration list for PBXNativeTarget "ActivityLabeling" */;
			buildPhases = (
				B932D6AF5D646EA5FEE3FB50 /* [CP] Check Pods Manifest.lock */,
				34454488202E8D020038DCF5 /* Sources */,
				34454489202E8D020038DCF5 /* Frameworks */,
				3445448A202E8D020038DCF5 /* Resources */,
				EBC03FC055B8BCA4FA063ED7 /* [CP] Embed Pods Frameworks */,
				A0A4D450174B4B861A6D6F47 /* [CP] Copy Pods Resources */,
			);
			buildRules = (
			);
			dependencies = (
			);
			name = ActivityLabeling;
			productName = ActivityLabeling;
			productReference = 3445448C202E8D020038DCF5 /* ActivityLabeling.app */;
			productType = "com.apple.product-type.application";
		};
/* End PBXNativeTarget section */

/* Begin PBXProject section */
		34454484202E8D020038DCF5 /* Project object */ = {
			isa = PBXProject;
			attributes = {
				LastSwiftUpdateCheck = 0920;
				LastUpgradeCheck = 0920;
				ORGANIZATIONNAME = "Wataru Sasaki";
				TargetAttributes = {
					3445448B202E8D020038DCF5 = {
						CreatedOnToolsVersion = 9.2;
						ProvisioningStyle = Automatic;
					};
				};
			};
			buildConfigurationList = 34454487202E8D020038DCF5 /* Build configuration list for PBXProject "ActivityLabeling" */;
			compatibilityVersion = "Xcode 8.0";
			developmentRegion = en;
			hasScannedForEncodings = 0;
			knownRegions = (
				en,
				Base,
			);
			mainGroup = 34454483202E8D020038DCF5;
			productRefGroup = 3445448D202E8D020038DCF5 /* Products */;
			projectDirPath = "";
			projectRoot = "";
			targets = (
				3445448B202E8D020038DCF5 /* ActivityLabeling */,
			);
		};
/* End PBXProject section */

/* Begin PBXResourcesBuildPhase section */
		3445448A202E8D020038DCF5 /* Resources */ = {
			isa = PBXResourcesBuildPhase;
			buildActionMask = 2147483647;
			files = (
				344544A9202F1B3C0038DCF5 /* DefaultConfig.plist in Resources */,
				3445449A202E8D020038DCF5 /* LaunchScreen.storyboard in Resources */,
				34454497202E8D020038DCF5 /* Assets.xcassets in Resources */,
				34454495202E8D020038DCF5 /* Main.storyboard in Resources */,
			);
			runOnlyForDeploymentPostprocessing = 0;
		};
/* End PBXResourcesBuildPhase section */

/* Begin PBXShellScriptBuildPhase section */
		A0A4D450174B4B861A6D6F47 /* [CP] Copy Pods Resources */ = {
			isa = PBXShellScriptBuildPhase;
			buildActionMask = 2147483647;
			files = (
			);
			inputPaths = (
			);
			name = "[CP] Copy Pods Resources";
			outputPaths = (
			);
			runOnlyForDeploymentPostprocessing = 0;
			shellPath = /bin/sh;
			shellScript = "\"${SRCROOT}/Pods/Target Support Files/Pods-ActivityLabeling/Pods-ActivityLabeling-resources.sh\"\n";
			showEnvVarsInLog = 0;
		};
		B932D6AF5D646EA5FEE3FB50 /* [CP] Check Pods Manifest.lock */ = {
			isa = PBXShellScriptBuildPhase;
			buildActionMask = 2147483647;
			files = (
			);
			inputPaths = (
				"${PODS_PODFILE_DIR_PATH}/Podfile.lock",
				"${PODS_ROOT}/Manifest.lock",
			);
			name = "[CP] Check Pods Manifest.lock";
			outputPaths = (
				"$(DERIVED_FILE_DIR)/Pods-ActivityLabeling-checkManifestLockResult.txt",
			);
			runOnlyForDeploymentPostprocessing = 0;
			shellPath = /bin/sh;
			shellScript = "diff \"${PODS_PODFILE_DIR_PATH}/Podfile.lock\" \"${PODS_ROOT}/Manifest.lock\" > /dev/null\nif [ $? != 0 ] ; then\n    # print error to STDERR\n    echo \"error: The sandbox is not in sync with the Podfile.lock. Run 'pod install' or update your CocoaPods installation.\" >&2\n    exit 1\nfi\n# This output is used by Xcode 'outputs' to avoid re-running this script phase.\necho \"SUCCESS\" > \"${SCRIPT_OUTPUT_FILE_0}\"\n";
			showEnvVarsInLog = 0;
		};
		EBC03FC055B8BCA4FA063ED7 /* [CP] Embed Pods Frameworks */ = {
			isa = PBXShellScriptBuildPhase;
			buildActionMask = 2147483647;
			files = (
			);
			inputPaths = (
				"${SRCROOT}/Pods/Target Support Files/Pods-ActivityLabeling/Pods-ActivityLabeling-frameworks.sh",
				"${BUILT_PRODUCTS_DIR}/APIKit/APIKit.framework",
				"${BUILT_PRODUCTS_DIR}/Eureka/Eureka.framework",
				"${BUILT_PRODUCTS_DIR}/Realm/Realm.framework",
				"${BUILT_PRODUCTS_DIR}/RealmSwift/RealmSwift.framework",
				"${BUILT_PRODUCTS_DIR}/Result/Result.framework",
			);
			name = "[CP] Embed Pods Frameworks";
			outputPaths = (
				"${TARGET_BUILD_DIR}/${FRAMEWORKS_FOLDER_PATH}/APIKit.framework",
				"${TARGET_BUILD_DIR}/${FRAMEWORKS_FOLDER_PATH}/Eureka.framework",
				"${TARGET_BUILD_DIR}/${FRAMEWORKS_FOLDER_PATH}/Realm.framework",
				"${TARGET_BUILD_DIR}/${FRAMEWORKS_FOLDER_PATH}/RealmSwift.framework",
				"${TARGET_BUILD_DIR}/${FRAMEWORKS_FOLDER_PATH}/Result.framework",
			);
			runOnlyForDeploymentPostprocessing = 0;
			shellPath = /bin/sh;
			shellScript = "\"${SRCROOT}/Pods/Target Support Files/Pods-ActivityLabeling/Pods-ActivityLabeling-frameworks.sh\"\n";
			showEnvVarsInLog = 0;
		};
/* End PBXShellScriptBuildPhase section */

/* Begin PBXSourcesBuildPhase section */
		34454488202E8D020038DCF5 /* Sources */ = {
			isa = PBXSourcesBuildPhase;
			buildActionMask = 2147483647;
			files = (
				344544C920303B570038DCF5 /* LabelTableViewController.swift in Sources */,
				344544A7202EF5980038DCF5 /* Config.swift in Sources */,
				344544AB202F1C6B0038DCF5 /* DefaultConfig.swift in Sources */,
				344544AF202F3D110038DCF5 /* Label.swift in Sources */,
				34454490202E8D020038DCF5 /* AppDelegate.swift in Sources */,
				3469EAAE2030BEAD004A9150 /* WriteRequest.swift in Sources */,
				344544B4202F5D950038DCF5 /* LabelingViewController.swift in Sources */,
				3469EAA420305E62004A9150 /* InfluxDBRequest.swift in Sources */,
				3469EAA82030B874004A9150 /* InfluxDBError.swift in Sources */,
				3469EAA620306043004A9150 /* InfluxDBClient.swift in Sources */,
				3469EAB02030BF7C004A9150 /* QueryRequest.swift in Sources */,
				3469EAB22030C20F004A9150 /* PingRequest.swift in Sources */,
				344544AD202F3B8E0038DCF5 /* HistoryTableViewController.swift in Sources */,
				344544B1202F55BC0038DCF5 /* SetupViewController.swift in Sources */,
				3469EAAA2030B892004A9150 /* InfluxDBResponse.swift in Sources */,
			);
			runOnlyForDeploymentPostprocessing = 0;
		};
/* End PBXSourcesBuildPhase section */

/* Begin PBXVariantGroup section */
		34454493202E8D020038DCF5 /* Main.storyboard */ = {
			isa = PBXVariantGroup;
			children = (
				34454494202E8D020038DCF5 /* Base */,
			);
			name = Main.storyboard;
			sourceTree = "<group>";
		};
		34454498202E8D020038DCF5 /* LaunchScreen.storyboard */ = {
			isa = PBXVariantGroup;
			children = (
				34454499202E8D020038DCF5 /* Base */,
			);
			name = LaunchScreen.storyboard;
			sourceTree = "<group>";
		};
/* End PBXVariantGroup section */

/* Begin XCBuildConfiguration section */
		3445449C202E8D020038DCF5 /* Debug */ = {
			isa = XCBuildConfiguration;
			buildSettings = {
				ALWAYS_SEARCH_USER_PATHS = NO;
				CLANG_ANALYZER_NONNULL = YES;
				CLANG_ANALYZER_NUMBER_OBJECT_CONVERSION = YES_AGGRESSIVE;
				CLANG_CXX_LANGUAGE_STANDARD = "gnu++14";
				CLANG_CXX_LIBRARY = "libc++";
				CLANG_ENABLE_MODULES = YES;
				CLANG_ENABLE_OBJC_ARC = YES;
				CLANG_WARN_BLOCK_CAPTURE_AUTORELEASING = YES;
				CLANG_WARN_BOOL_CONVERSION = YES;
				CLANG_WARN_COMMA = YES;
				CLANG_WARN_CONSTANT_CONVERSION = YES;
				CLANG_WARN_DIRECT_OBJC_ISA_USAGE = YES_ERROR;
				CLANG_WARN_DOCUMENTATION_COMMENTS = YES;
				CLANG_WARN_EMPTY_BODY = YES;
				CLANG_WARN_ENUM_CONVERSION = YES;
				CLANG_WARN_INFINITE_RECURSION = YES;
				CLANG_WARN_INT_CONVERSION = YES;
				CLANG_WARN_NON_LITERAL_NULL_CONVERSION = YES;
				CLANG_WARN_OBJC_LITERAL_CONVERSION = YES;
				CLANG_WARN_OBJC_ROOT_CLASS = YES_ERROR;
				CLANG_WARN_RANGE_LOOP_ANALYSIS = YES;
				CLANG_WARN_STRICT_PROTOTYPES = YES;
				CLANG_WARN_SUSPICIOUS_MOVE = YES;
				CLANG_WARN_UNGUARDED_AVAILABILITY = YES_AGGRESSIVE;
				CLANG_WARN_UNREACHABLE_CODE = YES;
				CLANG_WARN__DUPLICATE_METHOD_MATCH = YES;
				CODE_SIGN_IDENTITY = "iPhone Developer";
				COPY_PHASE_STRIP = NO;
				DEBUG_INFORMATION_FORMAT = dwarf;
				ENABLE_STRICT_OBJC_MSGSEND = YES;
				ENABLE_TESTABILITY = YES;
				GCC_C_LANGUAGE_STANDARD = gnu11;
				GCC_DYNAMIC_NO_PIC = NO;
				GCC_NO_COMMON_BLOCKS = YES;
				GCC_OPTIMIZATION_LEVEL = 0;
				GCC_PREPROCESSOR_DEFINITIONS = (
					"DEBUG=1",
					"$(inherited)",
				);
				GCC_WARN_64_TO_32_BIT_CONVERSION = YES;
				GCC_WARN_ABOUT_RETURN_TYPE = YES_ERROR;
				GCC_WARN_UNDECLARED_SELECTOR = YES;
				GCC_WARN_UNINITIALIZED_AUTOS = YES_AGGRESSIVE;
				GCC_WARN_UNUSED_FUNCTION = YES;
				GCC_WARN_UNUSED_VARIABLE = YES;
				IPHONEOS_DEPLOYMENT_TARGET = 11.2;
				MTL_ENABLE_DEBUG_INFO = YES;
				ONLY_ACTIVE_ARCH = YES;
				SDKROOT = iphoneos;
				SWIFT_ACTIVE_COMPILATION_CONDITIONS = DEBUG;
				SWIFT_OPTIMIZATION_LEVEL = "-Onone";
			};
			name = Debug;
		};
		3445449D202E8D020038DCF5 /* Release */ = {
			isa = XCBuildConfiguration;
			buildSettings = {
				ALWAYS_SEARCH_USER_PATHS = NO;
				CLANG_ANALYZER_NONNULL = YES;
				CLANG_ANALYZER_NUMBER_OBJECT_CONVERSION = YES_AGGRESSIVE;
				CLANG_CXX_LANGUAGE_STANDARD = "gnu++14";
				CLANG_CXX_LIBRARY = "libc++";
				CLANG_ENABLE_MODULES = YES;
				CLANG_ENABLE_OBJC_ARC = YES;
				CLANG_WARN_BLOCK_CAPTURE_AUTORELEASING = YES;
				CLANG_WARN_BOOL_CONVERSION = YES;
				CLANG_WARN_COMMA = YES;
				CLANG_WARN_CONSTANT_CONVERSION = YES;
				CLANG_WARN_DIRECT_OBJC_ISA_USAGE = YES_ERROR;
				CLANG_WARN_DOCUMENTATION_COMMENTS = YES;
				CLANG_WARN_EMPTY_BODY = YES;
				CLANG_WARN_ENUM_CONVERSION = YES;
				CLANG_WARN_INFINITE_RECURSION = YES;
				CLANG_WARN_INT_CONVERSION = YES;
				CLANG_WARN_NON_LITERAL_NULL_CONVERSION = YES;
				CLANG_WARN_OBJC_LITERAL_CONVERSION = YES;
				CLANG_WARN_OBJC_ROOT_CLASS = YES_ERROR;
				CLANG_WARN_RANGE_LOOP_ANALYSIS = YES;
				CLANG_WARN_STRICT_PROTOTYPES = YES;
				CLANG_WARN_SUSPICIOUS_MOVE = YES;
				CLANG_WARN_UNGUARDED_AVAILABILITY = YES_AGGRESSIVE;
				CLANG_WARN_UNREACHABLE_CODE = YES;
				CLANG_WARN__DUPLICATE_METHOD_MATCH = YES;
				CODE_SIGN_IDENTITY = "iPhone Developer";
				COPY_PHASE_STRIP = NO;
				DEBUG_INFORMATION_FORMAT = "dwarf-with-dsym";
				ENABLE_NS_ASSERTIONS = NO;
				ENABLE_STRICT_OBJC_MSGSEND = YES;
				GCC_C_LANGUAGE_STANDARD = gnu11;
				GCC_NO_COMMON_BLOCKS = YES;
				GCC_WARN_64_TO_32_BIT_CONVERSION = YES;
				GCC_WARN_ABOUT_RETURN_TYPE = YES_ERROR;
				GCC_WARN_UNDECLARED_SELECTOR = YES;
				GCC_WARN_UNINITIALIZED_AUTOS = YES_AGGRESSIVE;
				GCC_WARN_UNUSED_FUNCTION = YES;
				GCC_WARN_UNUSED_VARIABLE = YES;
				IPHONEOS_DEPLOYMENT_TARGET = 11.2;
				MTL_ENABLE_DEBUG_INFO = NO;
				SDKROOT = iphoneos;
				SWIFT_OPTIMIZATION_LEVEL = "-Owholemodule";
				VALIDATE_PRODUCT = YES;
			};
			name = Release;
		};
		3445449F202E8D020038DCF5 /* Debug */ = {
			isa = XCBuildConfiguration;
			baseConfigurationReference = 1550A7855010C088261DBF9C /* Pods-ActivityLabeling.debug.xcconfig */;
			buildSettings = {
				ASSETCATALOG_COMPILER_APPICON_NAME = AppIcon;
				CODE_SIGN_STYLE = Automatic;
				DEVELOPMENT_TEAM = 2CZDW9W9EK;
				INFOPLIST_FILE = ActivityLabeling/Info.plist;
				IPHONEOS_DEPLOYMENT_TARGET = 9.0;
				LD_RUNPATH_SEARCH_PATHS = "$(inherited) @executable_path/Frameworks";
				PRODUCT_BUNDLE_IDENTIFIER = "jp.naist.wataru-sa.ActivityLabeling";
				PRODUCT_NAME = "$(TARGET_NAME)";
				SWIFT_VERSION = 4.0;
				TARGETED_DEVICE_FAMILY = "1,2";
			};
			name = Debug;
		};
		344544A0202E8D020038DCF5 /* Release */ = {
			isa = XCBuildConfiguration;
			baseConfigurationReference = B9410C94B9F09F5C3BFB9AD5 /* Pods-ActivityLabeling.release.xcconfig */;
			buildSettings = {
				ASSETCATALOG_COMPILER_APPICON_NAME = AppIcon;
				CODE_SIGN_STYLE = Automatic;
				DEVELOPMENT_TEAM = 2CZDW9W9EK;
				INFOPLIST_FILE = ActivityLabeling/Info.plist;
				IPHONEOS_DEPLOYMENT_TARGET = 9.0;
				LD_RUNPATH_SEARCH_PATHS = "$(inherited) @executable_path/Frameworks";
				PRODUCT_BUNDLE_IDENTIFIER = "jp.naist.wataru-sa.ActivityLabeling";
				PRODUCT_NAME = "$(TARGET_NAME)";
				SWIFT_VERSION = 4.0;
				TARGETED_DEVICE_FAMILY = "1,2";
			};
			name = Release;
		};
/* End XCBuildConfiguration section */

/* Begin XCConfigurationList section */
		34454487202E8D020038DCF5 /* Build configuration list for PBXProject "ActivityLabeling" */ = {
			isa = XCConfigurationList;
			buildConfigurations = (
				3445449C202E8D020038DCF5 /* Debug */,
				3445449D202E8D020038DCF5 /* Release */,
			);
			defaultConfigurationIsVisible = 0;
			defaultConfigurationName = Release;
		};
		3445449E202E8D020038DCF5 /* Build configuration list for PBXNativeTarget "ActivityLabeling" */ = {
			isa = XCConfigurationList;
			buildConfigurations = (
				3445449F202E8D020038DCF5 /* Debug */,
				344544A0202E8D020038DCF5 /* Release */,
			);
			defaultConfigurationIsVisible = 0;
			defaultConfigurationName = Release;
		};
/* End XCConfigurationList section */
	};
	rootObject = 34454484202E8D020038DCF5 /* Project object */;
}
